
Microsoft Visual Studio Solution File, Format Version 12.00
# Visual Studio Version 17
VisualStudioVersion = 17.7.34024.191
MinimumVisualStudioVersion = 10.0.40219.1
Project("{FAE04EC0-301F-11D3-BF4B-00C04F79EFBC}") = "MathQuizz", "MathQuizz.csproj", "{2103FB58-C465-4B9A-B82F-A413DF963539}"
EndProject
Global
	GlobalSection(SolutionConfigurationPlatforms) = preSolution
		Debug|Any CPU = Debug|Any CPU
		Release|Any CPU = Release|Any CPU
	EndGlobalSection
	GlobalSection(ProjectConfigurationPlatforms) = postSolution
		{2103FB58-C465-4B9A-B82F-A413DF963539}.Debug|Any CPU.ActiveCfg = Debug|Any CPU
		{2103FB58-C465-4B9A-B82F-A413DF963539}.Debug|Any CPU.Build.0 = Debug|Any CPU
		{2103FB58-C465-4B9A-B82F-A413DF963539}.Release|Any CPU.ActiveCfg = Release|Any CPU
		{2103FB58-C465-4B9A-B82F-A413DF963539}.Release|Any CPU.Build.0 = Release|Any CPU
	EndGlobalSection
	GlobalSection(SolutionProperties) = preSolution
		HideSolutionNode = FALSE
	EndGlobalSection
	GlobalSection(ExtensibilityGlobals) = postSolution
		SolutionGuid = {073221EC-78BD-4346-8972-811AA508AC67}
	EndGlobalSection
EndGlobal
